
Microsoft Visual Studio Solution File, Format Version 12.00
# Visual Studio 14
VisualStudioVersion = 14.0.23107.0
MinimumVisualStudioVersion = 10.0.40219.1
Project("{FAE04EC0-301F-11D3-BF4B-00C04F79EFBC}") = "SoftwareTest", "SoftwareTest\SoftwareTest.csproj", "{A59C3761-EB7E-4139-92EC-FF0BA4F63F69}"
EndProject
Project("{FAE04EC0-301F-11D3-BF4B-00C04F79EFBC}") = "TestSoftwareTest", "TestSoftwareTest\TestSoftwareTest.csproj", "{F2F7148D-0ADE-4719-97BB-EB0E0A95FAD9}"
EndProject
Global
	GlobalSection(SolutionConfigurationPlatforms) = preSolution
		Debug|Any CPU = Debug|Any CPU
		Release|Any CPU = Release|Any CPU
	EndGlobalSection
	GlobalSection(ProjectConfigurationPlatforms) = postSolution
		{A59C3761-EB7E-4139-92EC-FF0BA4F63F69}.Debug|Any CPU.ActiveCfg = Debug|Any CPU
		{A59C3761-EB7E-4139-92EC-FF0BA4F63F69}.Debug|Any CPU.Build.0 = Debug|Any CPU
		{A59C3761-EB7E-4139-92EC-FF0BA4F63F69}.Release|Any CPU.ActiveCfg = Release|Any CPU
		{A59C3761-EB7E-4139-92EC-FF0BA4F63F69}.Release|Any CPU.Build.0 = Release|Any CPU
		{F2F7148D-0ADE-4719-97BB-EB0E0A95FAD9}.Debug|Any CPU.ActiveCfg = Debug|Any CPU
		{F2F7148D-0ADE-4719-97BB-EB0E0A95FAD9}.Debug|Any CPU.Build.0 = Debug|Any CPU
		{F2F7148D-0ADE-4719-97BB-EB0E0A95FAD9}.Release|Any CPU.ActiveCfg = Release|Any CPU
		{F2F7148D-0ADE-4719-97BB-EB0E0A95FAD9}.Release|Any CPU.Build.0 = Release|Any CPU
	EndGlobalSection
	GlobalSection(SolutionProperties) = preSolution
		HideSolutionNode = FALSE
	EndGlobalSection
EndGlobal
